// !$*UTF8*$!
{
	archiveVersion = 1;
	classes = {
	};
	objectVersion = 55;
	objects = {

/* Begin PBXBuildFile section */
		44171F972865FAE5000D521C /* NewsAPI.swift in Sources */ = {isa = PBXBuildFile; fileRef = 44171F962865FAE5000D521C /* NewsAPI.swift */; };
		44171F992865FB4D000D521C /* Category.swift in Sources */ = {isa = PBXBuildFile; fileRef = 44171F982865FB4D000D521C /* Category.swift */; };
		44171F9C2865FBA3000D521C /* ArticleNewsViewModel.swift in Sources */ = {isa = PBXBuildFile; fileRef = 44171F9B2865FBA3000D521C /* ArticleNewsViewModel.swift */; };
		44171FA02865FBB2000D521C /* EmptyPlaceholderView.swift in Sources */ = {isa = PBXBuildFile; fileRef = 44171F9D2865FBB2000D521C /* EmptyPlaceholderView.swift */; };
		44171FA12865FBB2000D521C /* NewsTabView.swift in Sources */ = {isa = PBXBuildFile; fileRef = 44171F9E2865FBB2000D521C /* NewsTabView.swift */; };
		44171FA22865FBB2000D521C /* RetryView.swift in Sources */ = {isa = PBXBuildFile; fileRef = 44171F9F2865FBB2000D521C /* RetryView.swift */; };
		44171FA42866008B000D521C /* ArticleBookmarkViewModel.swift in Sources */ = {isa = PBXBuildFile; fileRef = 44171FA32866008B000D521C /* ArticleBookmarkViewModel.swift */; };
		44171FA62866075D000D521C /* BookmarkTapView.swift in Sources */ = {isa = PBXBuildFile; fileRef = 44171FA52866075D000D521C /* BookmarkTapView.swift */; };
		44171FA828660A2E000D521C /* DataStore.swift in Sources */ = {isa = PBXBuildFile; fileRef = 44171FA728660A2E000D521C /* DataStore.swift */; };
		44171FAA28662ED4000D521C /* ArticleSearchViewModel.swift in Sources */ = {isa = PBXBuildFile; fileRef = 44171FA928662ED4000D521C /* ArticleSearchViewModel.swift */; };
		44171FAC28664EA5000D521C /* SearchTabView.swift in Sources */ = {isa = PBXBuildFile; fileRef = 44171FAB28664EA5000D521C /* SearchTabView.swift */; };
		44171FAE28670252000D521C /* SearchHistoryListView.swift in Sources */ = {isa = PBXBuildFile; fileRef = 44171FAD28670252000D521C /* SearchHistoryListView.swift */; };
		44BF4A1B28639240000CB0C4 /* XCANewsApp.swift in Sources */ = {isa = PBXBuildFile; fileRef = 44BF4A0B2863923D000CB0C4 /* XCANewsApp.swift */; };
		44BF4A1C28639240000CB0C4 /* XCANewsApp.swift in Sources */ = {isa = PBXBuildFile; fileRef = 44BF4A0B2863923D000CB0C4 /* XCANewsApp.swift */; };
		44BF4A1D28639240000CB0C4 /* ContentView.swift in Sources */ = {isa = PBXBuildFile; fileRef = 44BF4A0C2863923D000CB0C4 /* ContentView.swift */; };
		44BF4A1E28639240000CB0C4 /* ContentView.swift in Sources */ = {isa = PBXBuildFile; fileRef = 44BF4A0C2863923D000CB0C4 /* ContentView.swift */; };
		44BF4A1F28639240000CB0C4 /* Assets.xcassets in Resources */ = {isa = PBXBuildFile; fileRef = 44BF4A0D28639240000CB0C4 /* Assets.xcassets */; };
		44BF4A2028639240000CB0C4 /* Assets.xcassets in Resources */ = {isa = PBXBuildFile; fileRef = 44BF4A0D28639240000CB0C4 /* Assets.xcassets */; };
		44BF4A2E2863A145000CB0C4 /* Article.swift in Sources */ = {isa = PBXBuildFile; fileRef = 44BF4A2D2863A145000CB0C4 /* Article.swift */; };
		44BF4A2F2863A145000CB0C4 /* Article.swift in Sources */ = {isa = PBXBuildFile; fileRef = 44BF4A2D2863A145000CB0C4 /* Article.swift */; };
		44BF4A312863A958000CB0C4 /* NewsAPIReponse.swift in Sources */ = {isa = PBXBuildFile; fileRef = 44BF4A302863A958000CB0C4 /* NewsAPIReponse.swift */; };
		44BF4A322863A958000CB0C4 /* NewsAPIReponse.swift in Sources */ = {isa = PBXBuildFile; fileRef = 44BF4A302863A958000CB0C4 /* NewsAPIReponse.swift */; };
		44BF4A352864C924000CB0C4 /* ArticleRawView.swift in Sources */ = {isa = PBXBuildFile; fileRef = 44BF4A342864C924000CB0C4 /* ArticleRawView.swift */; };
		44BF4A362864C924000CB0C4 /* ArticleRawView.swift in Sources */ = {isa = PBXBuildFile; fileRef = 44BF4A342864C924000CB0C4 /* ArticleRawView.swift */; };
		44BF4A382864DB74000CB0C4 /* news.json in Resources */ = {isa = PBXBuildFile; fileRef = 44BF4A372864DB74000CB0C4 /* news.json */; };
		44BF4A392864DB74000CB0C4 /* news.json in Resources */ = {isa = PBXBuildFile; fileRef = 44BF4A372864DB74000CB0C4 /* news.json */; };
		44BF4A3C28656733000CB0C4 /* ArticleListView.swift in Sources */ = {isa = PBXBuildFile; fileRef = 44BF4A3B28656733000CB0C4 /* ArticleListView.swift */; };
		44BF4A3D28656733000CB0C4 /* ArticleListView.swift in Sources */ = {isa = PBXBuildFile; fileRef = 44BF4A3B28656733000CB0C4 /* ArticleListView.swift */; };
		44BF4A3F2865831C000CB0C4 /* SafariView.swift in Sources */ = {isa = PBXBuildFile; fileRef = 44BF4A3E2865831C000CB0C4 /* SafariView.swift */; };
		44BF4A402865831C000CB0C4 /* SafariView.swift in Sources */ = {isa = PBXBuildFile; fileRef = 44BF4A3E2865831C000CB0C4 /* SafariView.swift */; };
/* End PBXBuildFile section */

/* Begin PBXFileReference section */
		44171F962865FAE5000D521C /* NewsAPI.swift */ = {isa = PBXFileReference; fileEncoding = 4; lastKnownFileType = sourcecode.swift; path = NewsAPI.swift; sourceTree = "<group>"; };
		44171F982865FB4D000D521C /* Category.swift */ = {isa = PBXFileReference; fileEncoding = 4; lastKnownFileType = sourcecode.swift; path = Category.swift; sourceTree = "<group>"; };
		44171F9B2865FBA3000D521C /* ArticleNewsViewModel.swift */ = {isa = PBXFileReference; fileEncoding = 4; lastKnownFileType = sourcecode.swift; path = ArticleNewsViewModel.swift; sourceTree = "<group>"; };
		44171F9D2865FBB2000D521C /* EmptyPlaceholderView.swift */ = {isa = PBXFileReference; fileEncoding = 4; lastKnownFileType = sourcecode.swift; path = EmptyPlaceholderView.swift; sourceTree = "<group>"; };
		44171F9E2865FBB2000D521C /* NewsTabView.swift */ = {isa = PBXFileReference; fileEncoding = 4; lastKnownFileType = sourcecode.swift; path = NewsTabView.swift; sourceTree = "<group>"; };
		44171F9F2865FBB2000D521C /* RetryView.swift */ = {isa = PBXFileReference; fileEncoding = 4; lastKnownFileType = sourcecode.swift; path = RetryView.swift; sourceTree = "<group>"; };
		44171FA32866008B000D521C /* ArticleBookmarkViewModel.swift */ = {isa = PBXFileReference; lastKnownFileType = sourcecode.swift; path = ArticleBookmarkViewModel.swift; sourceTree = "<group>"; };
		44171FA52866075D000D521C /* BookmarkTapView.swift */ = {isa = PBXFileReference; lastKnownFileType = sourcecode.swift; path = BookmarkTapView.swift; sourceTree = "<group>"; };
		44171FA728660A2E000D521C /* DataStore.swift */ = {isa = PBXFileReference; lastKnownFileType = sourcecode.swift; path = DataStore.swift; sourceTree = "<group>"; };
		44171FA928662ED4000D521C /* ArticleSearchViewModel.swift */ = {isa = PBXFileReference; lastKnownFileType = sourcecode.swift; path = ArticleSearchViewModel.swift; sourceTree = "<group>"; };
		44171FAB28664EA5000D521C /* SearchTabView.swift */ = {isa = PBXFileReference; lastKnownFileType = sourcecode.swift; path = SearchTabView.swift; sourceTree = "<group>"; };
		44171FAD28670252000D521C /* SearchHistoryListView.swift */ = {isa = PBXFileReference; lastKnownFileType = sourcecode.swift; path = SearchHistoryListView.swift; sourceTree = "<group>"; };
		44BF4A0B2863923D000CB0C4 /* XCANewsApp.swift */ = {isa = PBXFileReference; lastKnownFileType = sourcecode.swift; path = XCANewsApp.swift; sourceTree = "<group>"; };
		44BF4A0C2863923D000CB0C4 /* ContentView.swift */ = {isa = PBXFileReference; lastKnownFileType = sourcecode.swift; path = ContentView.swift; sourceTree = "<group>"; };
		44BF4A0D28639240000CB0C4 /* Assets.xcassets */ = {isa = PBXFileReference; lastKnownFileType = folder.assetcatalog; path = Assets.xcassets; sourceTree = "<group>"; };
		44BF4A1228639240000CB0C4 /* XCANews.app */ = {isa = PBXFileReference; explicitFileType = wrapper.application; includeInIndex = 0; path = XCANews.app; sourceTree = BUILT_PRODUCTS_DIR; };
		44BF4A1828639240000CB0C4 /* XCANews.app */ = {isa = PBXFileReference; explicitFileType = wrapper.application; includeInIndex = 0; path = XCANews.app; sourceTree = BUILT_PRODUCTS_DIR; };
		44BF4A1A28639240000CB0C4 /* macOS.entitlements */ = {isa = PBXFileReference; lastKnownFileType = text.plist.entitlements; path = macOS.entitlements; sourceTree = "<group>"; };
		44BF4A2D2863A145000CB0C4 /* Article.swift */ = {isa = PBXFileReference; lastKnownFileType = sourcecode.swift; path = Article.swift; sourceTree = "<group>"; };
		44BF4A302863A958000CB0C4 /* NewsAPIReponse.swift */ = {isa = PBXFileReference; lastKnownFileType = sourcecode.swift; path = NewsAPIReponse.swift; sourceTree = "<group>"; };
		44BF4A342864C924000CB0C4 /* ArticleRawView.swift */ = {isa = PBXFileReference; lastKnownFileType = sourcecode.swift; path = ArticleRawView.swift; sourceTree = "<group>"; };
		44BF4A372864DB74000CB0C4 /* news.json */ = {isa = PBXFileReference; lastKnownFileType = text.json; path = news.json; sourceTree = "<group>"; };
		44BF4A3A28655F70000CB0C4 /* XCANews--iOS--Info.plist */ = {isa = PBXFileReference; lastKnownFileType = text.plist; path = "XCANews--iOS--Info.plist"; sourceTree = "<group>"; };
		44BF4A3B28656733000CB0C4 /* ArticleListView.swift */ = {isa = PBXFileReference; lastKnownFileType = sourcecode.swift; path = ArticleListView.swift; sourceTree = "<group>"; };
		44BF4A3E2865831C000CB0C4 /* SafariView.swift */ = {isa = PBXFileReference; lastKnownFileType = sourcecode.swift; path = SafariView.swift; sourceTree = "<group>"; };
/* End PBXFileReference section */

/* Begin PBXFrameworksBuildPhase section */
		44BF4A0F28639240000CB0C4 /* Frameworks */ = {
			isa = PBXFrameworksBuildPhase;
			buildActionMask = 2147483647;
			files = (
			);
			runOnlyForDeploymentPostprocessing = 0;
		};
		44BF4A1528639240000CB0C4 /* Frameworks */ = {
			isa = PBXFrameworksBuildPhase;
			buildActionMask = 2147483647;
			files = (
			);
			runOnlyForDeploymentPostprocessing = 0;
		};
/* End PBXFrameworksBuildPhase section */

/* Begin PBXGroup section */
		44171F952865FAA7000D521C /* API */ = {
			isa = PBXGroup;
			children = (
				44171F962865FAE5000D521C /* NewsAPI.swift */,
			);
			path = API;
			sourceTree = "<group>";
		};
		44171F9A2865FB83000D521C /* ViewModel */ = {
			isa = PBXGroup;
			children = (
				44171F9B2865FBA3000D521C /* ArticleNewsViewModel.swift */,
				44171FA32866008B000D521C /* ArticleBookmarkViewModel.swift */,
				44171FA928662ED4000D521C /* ArticleSearchViewModel.swift */,
			);
			path = ViewModel;
			sourceTree = "<group>";
		};
		44BF4A052863923C000CB0C4 = {
			isa = PBXGroup;
			children = (
				44171F9A2865FB83000D521C /* ViewModel */,
				44171F952865FAA7000D521C /* API */,
				44BF4A3A28655F70000CB0C4 /* XCANews--iOS--Info.plist */,
				44BF4A332864C8FA000CB0C4 /* Views */,
				44BF4A2C2863A12B000CB0C4 /* Models */,
				44BF4A0A2863923D000CB0C4 /* Shared */,
				44BF4A1928639240000CB0C4 /* macOS */,
				44BF4A1328639240000CB0C4 /* Products */,
			);
			sourceTree = "<group>";
		};
		44BF4A0A2863923D000CB0C4 /* Shared */ = {
			isa = PBXGroup;
			children = (
				44BF4A0B2863923D000CB0C4 /* XCANewsApp.swift */,
				44BF4A0C2863923D000CB0C4 /* ContentView.swift */,
				44BF4A0D28639240000CB0C4 /* Assets.xcassets */,
				44BF4A372864DB74000CB0C4 /* news.json */,
			);
			path = Shared;
			sourceTree = "<group>";
		};
		44BF4A1328639240000CB0C4 /* Products */ = {
			isa = PBXGroup;
			children = (
				44BF4A1228639240000CB0C4 /* XCANews.app */,
				44BF4A1828639240000CB0C4 /* XCANews.app */,
			);
			name = Products;
			sourceTree = "<group>";
		};
		44BF4A1928639240000CB0C4 /* macOS */ = {
			isa = PBXGroup;
			children = (
				44BF4A1A28639240000CB0C4 /* macOS.entitlements */,
			);
			path = macOS;
			sourceTree = "<group>";
		};
		44BF4A2C2863A12B000CB0C4 /* Models */ = {
			isa = PBXGroup;
			children = (
				44171F982865FB4D000D521C /* Category.swift */,
				44BF4A2D2863A145000CB0C4 /* Article.swift */,
				44BF4A302863A958000CB0C4 /* NewsAPIReponse.swift */,
				44171FA728660A2E000D521C /* DataStore.swift */,
			);
			path = Models;
			sourceTree = "<group>";
		};
		44BF4A332864C8FA000CB0C4 /* Views */ = {
			isa = PBXGroup;
			children = (
				44171F9D2865FBB2000D521C /* EmptyPlaceholderView.swift */,
				44171F9E2865FBB2000D521C /* NewsTabView.swift */,
				44171F9F2865FBB2000D521C /* RetryView.swift */,
				44BF4A342864C924000CB0C4 /* ArticleRawView.swift */,
				44BF4A3B28656733000CB0C4 /* ArticleListView.swift */,
				44BF4A3E2865831C000CB0C4 /* SafariView.swift */,
				44171FA52866075D000D521C /* BookmarkTapView.swift */,
				44171FAB28664EA5000D521C /* SearchTabView.swift */,
				44171FAD28670252000D521C /* SearchHistoryListView.swift */,
			);
			path = Views;
			sourceTree = "<group>";
		};
/* End PBXGroup section */

/* Begin PBXNativeTarget section */
		44BF4A1128639240000CB0C4 /* XCANews (iOS) */ = {
			isa = PBXNativeTarget;
			buildConfigurationList = 44BF4A2328639240000CB0C4 /* Build configuration list for PBXNativeTarget "XCANews (iOS)" */;
			buildPhases = (
				44BF4A0E28639240000CB0C4 /* Sources */,
				44BF4A0F28639240000CB0C4 /* Frameworks */,
				44BF4A1028639240000CB0C4 /* Resources */,
			);
			buildRules = (
			);
			dependencies = (
			);
			name = "XCANews (iOS)";
			productName = "XCANews (iOS)";
			productReference = 44BF4A1228639240000CB0C4 /* XCANews.app */;
			productType = "com.apple.product-type.application";
		};
		44BF4A1728639240000CB0C4 /* XCANews (macOS) */ = {
			isa = PBXNativeTarget;
			buildConfigurationList = 44BF4A2628639240000CB0C4 /* Build configuration list for PBXNativeTarget "XCANews (macOS)" */;
			buildPhases = (
				44BF4A1428639240000CB0C4 /* Sources */,
				44BF4A1528639240000CB0C4 /* Frameworks */,
				44BF4A1628639240000CB0C4 /* Resources */,
			);
			buildRules = (
			);
			dependencies = (
			);
			name = "XCANews (macOS)";
			productName = "XCANews (macOS)";
			productReference = 44BF4A1828639240000CB0C4 /* XCANews.app */;
			productType = "com.apple.product-type.application";
		};
/* End PBXNativeTarget section */

/* Begin PBXProject section */
		44BF4A062863923C000CB0C4 /* Project object */ = {
			isa = PBXProject;
			attributes = {
				BuildIndependentTargetsInParallel = 1;
				LastSwiftUpdateCheck = 1340;
				LastUpgradeCheck = 1340;
				TargetAttributes = {
					44BF4A1128639240000CB0C4 = {
						CreatedOnToolsVersion = 13.4.1;
					};
					44BF4A1728639240000CB0C4 = {
						CreatedOnToolsVersion = 13.4.1;
					};
				};
			};
			buildConfigurationList = 44BF4A092863923C000CB0C4 /* Build configuration list for PBXProject "XCANews" */;
			compatibilityVersion = "Xcode 13.0";
			developmentRegion = en;
			hasScannedForEncodings = 0;
			knownRegions = (
				en,
				Base,
			);
			mainGroup = 44BF4A052863923C000CB0C4;
			productRefGroup = 44BF4A1328639240000CB0C4 /* Products */;
			projectDirPath = "";
			projectRoot = "";
			targets = (
				44BF4A1128639240000CB0C4 /* XCANews (iOS) */,
				44BF4A1728639240000CB0C4 /* XCANews (macOS) */,
			);
		};
/* End PBXProject section */

/* Begin PBXResourcesBuildPhase section */
		44BF4A1028639240000CB0C4 /* Resources */ = {
			isa = PBXResourcesBuildPhase;
			buildActionMask = 2147483647;
			files = (
				44BF4A382864DB74000CB0C4 /* news.json in Resources */,
				44BF4A1F28639240000CB0C4 /* Assets.xcassets in Resources */,
			);
			runOnlyForDeploymentPostprocessing = 0;
		};
		44BF4A1628639240000CB0C4 /* Resources */ = {
			isa = PBXResourcesBuildPhase;
			buildActionMask = 2147483647;
			files = (
				44BF4A392864DB74000CB0C4 /* news.json in Resources */,
				44BF4A2028639240000CB0C4 /* Assets.xcassets in Resources */,
			);
			runOnlyForDeploymentPostprocessing = 0;
		};
/* End PBXResourcesBuildPhase section */

/* Begin PBXSourcesBuildPhase section */
		44BF4A0E28639240000CB0C4 /* Sources */ = {
			isa = PBXSourcesBuildPhase;
			buildActionMask = 2147483647;
			files = (
				44BF4A352864C924000CB0C4 /* ArticleRawView.swift in Sources */,
				44171FA828660A2E000D521C /* DataStore.swift in Sources */,
				44BF4A3C28656733000CB0C4 /* ArticleListView.swift in Sources */,
				44BF4A1D28639240000CB0C4 /* ContentView.swift in Sources */,
				44171FA12865FBB2000D521C /* NewsTabView.swift in Sources */,
				44171FAE28670252000D521C /* SearchHistoryListView.swift in Sources */,
				44171FA22865FBB2000D521C /* RetryView.swift in Sources */,
				44BF4A1B28639240000CB0C4 /* XCANewsApp.swift in Sources */,
				44171FA62866075D000D521C /* BookmarkTapView.swift in Sources */,
				44171FAC28664EA5000D521C /* SearchTabView.swift in Sources */,
				44171FAA28662ED4000D521C /* ArticleSearchViewModel.swift in Sources */,
				44BF4A312863A958000CB0C4 /* NewsAPIReponse.swift in Sources */,
				44171F992865FB4D000D521C /* Category.swift in Sources */,
				44171F9C2865FBA3000D521C /* ArticleNewsViewModel.swift in Sources */,
				44171FA42866008B000D521C /* ArticleBookmarkViewModel.swift in Sources */,
				44171FA02865FBB2000D521C /* EmptyPlaceholderView.swift in Sources */,
				44BF4A2E2863A145000CB0C4 /* Article.swift in Sources */,
				44BF4A3F2865831C000CB0C4 /* SafariView.swift in Sources */,
				44171F972865FAE5000D521C /* NewsAPI.swift in Sources */,
			);
			runOnlyForDeploymentPostprocessing = 0;
		};
		44BF4A1428639240000CB0C4 /* Sources */ = {
			isa = PBXSourcesBuildPhase;
			buildActionMask = 2147483647;
			files = (
				44BF4A362864C924000CB0C4 /* ArticleRawView.swift in Sources */,
				44BF4A3D28656733000CB0C4 /* ArticleListView.swift in Sources */,
				44BF4A1E28639240000CB0C4 /* ContentView.swift in Sources */,
				44BF4A1C28639240000CB0C4 /* XCANewsApp.swift in Sources */,
				44BF4A322863A958000CB0C4 /* NewsAPIReponse.swift in Sources */,
				44BF4A2F2863A145000CB0C4 /* Article.swift in Sources */,
				44BF4A402865831C000CB0C4 /* SafariView.swift in Sources */,
			);
			runOnlyForDeploymentPostprocessing = 0;
		};
/* End PBXSourcesBuildPhase section */

/* Begin XCBuildConfiguration section */
		44BF4A2128639240000CB0C4 /* Debug */ = {
			isa = XCBuildConfiguration;
			buildSettings = {
				ALWAYS_SEARCH_USER_PATHS = NO;
				CLANG_ANALYZER_NONNULL = YES;
				CLANG_ANALYZER_NUMBER_OBJECT_CONVERSION = YES_AGGRESSIVE;
				CLANG_CXX_LANGUAGE_STANDARD = "gnu++17";
				CLANG_ENABLE_MODULES = YES;
				CLANG_ENABLE_OBJC_ARC = YES;
				CLANG_ENABLE_OBJC_WEAK = YES;
				CLANG_WARN_BLOCK_CAPTURE_AUTORELEASING = YES;
				CLANG_WARN_BOOL_CONVERSION = YES;
				CLANG_WARN_COMMA = YES;
				CLANG_WARN_CONSTANT_CONVERSION = YES;
				CLANG_WARN_DEPRECATED_OBJC_IMPLEMENTATIONS = YES;
				CLANG_WARN_DIRECT_OBJC_ISA_USAGE = YES_ERROR;
				CLANG_WARN_DOCUMENTATION_COMMENTS = YES;
				CLANG_WARN_EMPTY_BODY = YES;
				CLANG_WARN_ENUM_CONVERSION = YES;
				CLANG_WARN_INFINITE_RECURSION = YES;
				CLANG_WARN_INT_CONVERSION = YES;
				CLANG_WARN_NON_LITERAL_NULL_CONVERSION = YES;
				CLANG_WARN_OBJC_IMPLICIT_RETAIN_SELF = YES;
				CLANG_WARN_OBJC_LITERAL_CONVERSION = YES;
				CLANG_WARN_OBJC_ROOT_CLASS = YES_ERROR;
				CLANG_WARN_QUOTED_INCLUDE_IN_FRAMEWORK_HEADER = YES;
				CLANG_WARN_RANGE_LOOP_ANALYSIS = YES;
				CLANG_WARN_STRICT_PROTOTYPES = YES;
				CLANG_WARN_SUSPICIOUS_MOVE = YES;
				CLANG_WARN_UNGUARDED_AVAILABILITY = YES_AGGRESSIVE;
				CLANG_WARN_UNREACHABLE_CODE = YES;
				CLANG_WARN__DUPLICATE_METHOD_MATCH = YES;
				COPY_PHASE_STRIP = NO;
				DEBUG_INFORMATION_FORMAT = dwarf;
				ENABLE_STRICT_OBJC_MSGSEND = YES;
				ENABLE_TESTABILITY = YES;
				GCC_C_LANGUAGE_STANDARD = gnu11;
				GCC_DYNAMIC_NO_PIC = NO;
				GCC_NO_COMMON_BLOCKS = YES;
				GCC_OPTIMIZATION_LEVEL = 0;
				GCC_PREPROCESSOR_DEFINITIONS = (
					"DEBUG=1",
					"$(inherited)",
				);
				GCC_WARN_64_TO_32_BIT_CONVERSION = YES;
				GCC_WARN_ABOUT_RETURN_TYPE = YES_ERROR;
				GCC_WARN_UNDECLARED_SELECTOR = YES;
				GCC_WARN_UNINITIALIZED_AUTOS = YES_AGGRESSIVE;
				GCC_WARN_UNUSED_FUNCTION = YES;
				GCC_WARN_UNUSED_VARIABLE = YES;
				MTL_ENABLE_DEBUG_INFO = INCLUDE_SOURCE;
				MTL_FAST_MATH = YES;
				ONLY_ACTIVE_ARCH = YES;
				SWIFT_ACTIVE_COMPILATION_CONDITIONS = DEBUG;
				SWIFT_OPTIMIZATION_LEVEL = "-Onone";
			};
			name = Debug;
		};
		44BF4A2228639240000CB0C4 /* Release */ = {
			isa = XCBuildConfiguration;
			buildSettings = {
				ALWAYS_SEARCH_USER_PATHS = NO;
				CLANG_ANALYZER_NONNULL = YES;
				CLANG_ANALYZER_NUMBER_OBJECT_CONVERSION = YES_AGGRESSIVE;
				CLANG_CXX_LANGUAGE_STANDARD = "gnu++17";
				CLANG_ENABLE_MODULES = YES;
				CLANG_ENABLE_OBJC_ARC = YES;
				CLANG_ENABLE_OBJC_WEAK = YES;
				CLANG_WARN_BLOCK_CAPTURE_AUTORELEASING = YES;
				CLANG_WARN_BOOL_CONVERSION = YES;
				CLANG_WARN_COMMA = YES;
				CLANG_WARN_CONSTANT_CONVERSION = YES;
				CLANG_WARN_DEPRECATED_OBJC_IMPLEMENTATIONS = YES;
				CLANG_WARN_DIRECT_OBJC_ISA_USAGE = YES_ERROR;
				CLANG_WARN_DOCUMENTATION_COMMENTS = YES;
				CLANG_WARN_EMPTY_BODY = YES;
				CLANG_WARN_ENUM_CONVERSION = YES;
				CLANG_WARN_INFINITE_RECURSION = YES;
				CLANG_WARN_INT_CONVERSION = YES;
				CLANG_WARN_NON_LITERAL_NULL_CONVERSION = YES;
				CLANG_WARN_OBJC_IMPLICIT_RETAIN_SELF = YES;
				CLANG_WARN_OBJC_LITERAL_CONVERSION = YES;
				CLANG_WARN_OBJC_ROOT_CLASS = YES_ERROR;
				CLANG_WARN_QUOTED_INCLUDE_IN_FRAMEWORK_HEADER = YES;
				CLANG_WARN_RANGE_LOOP_ANALYSIS = YES;
				CLANG_WARN_STRICT_PROTOTYPES = YES;
				CLANG_WARN_SUSPICIOUS_MOVE = YES;
				CLANG_WARN_UNGUARDED_AVAILABILITY = YES_AGGRESSIVE;
				CLANG_WARN_UNREACHABLE_CODE = YES;
				CLANG_WARN__DUPLICATE_METHOD_MATCH = YES;
				COPY_PHASE_STRIP = NO;
				DEBUG_INFORMATION_FORMAT = "dwarf-with-dsym";
				ENABLE_NS_ASSERTIONS = NO;
				ENABLE_STRICT_OBJC_MSGSEND = YES;
				GCC_C_LANGUAGE_STANDARD = gnu11;
				GCC_NO_COMMON_BLOCKS = YES;
				GCC_WARN_64_TO_32_BIT_CONVERSION = YES;
				GCC_WARN_ABOUT_RETURN_TYPE = YES_ERROR;
				GCC_WARN_UNDECLARED_SELECTOR = YES;
				GCC_WARN_UNINITIALIZED_AUTOS = YES_AGGRESSIVE;
				GCC_WARN_UNUSED_FUNCTION = YES;
				GCC_WARN_UNUSED_VARIABLE = YES;
				MTL_ENABLE_DEBUG_INFO = NO;
				MTL_FAST_MATH = YES;
				SWIFT_COMPILATION_MODE = wholemodule;
				SWIFT_OPTIMIZATION_LEVEL = "-O";
			};
			name = Release;
		};
		44BF4A2428639240000CB0C4 /* Debug */ = {
			isa = XCBuildConfiguration;
			buildSettings = {
				ASSETCATALOG_COMPILER_APPICON_NAME = AppIcon;
				ASSETCATALOG_COMPILER_GLOBAL_ACCENT_COLOR_NAME = AccentColor;
				CODE_SIGN_STYLE = Automatic;
				CURRENT_PROJECT_VERSION = 1;
				DEVELOPMENT_TEAM = EE9E76ZXMF;
				ENABLE_PREVIEWS = YES;
				GENERATE_INFOPLIST_FILE = YES;
				INFOPLIST_FILE = "XCANews--iOS--Info.plist";
				INFOPLIST_KEY_CFBundleDisplayName = "";
				INFOPLIST_KEY_LSApplicationCategoryType = "";
				INFOPLIST_KEY_UIApplicationSceneManifest_Generation = YES;
				INFOPLIST_KEY_UIApplicationSupportsIndirectInputEvents = YES;
				INFOPLIST_KEY_UILaunchScreen_Generation = YES;
				INFOPLIST_KEY_UISupportedInterfaceOrientations_iPad = "UIInterfaceOrientationPortrait UIInterfaceOrientationPortraitUpsideDown UIInterfaceOrientationLandscapeLeft UIInterfaceOrientationLandscapeRight";
				INFOPLIST_KEY_UISupportedInterfaceOrientations_iPhone = "UIInterfaceOrientationPortrait UIInterfaceOrientationLandscapeLeft UIInterfaceOrientationLandscapeRight";
				IPHONEOS_DEPLOYMENT_TARGET = 15.5;
				LD_RUNPATH_SEARCH_PATHS = (
					"$(inherited)",
					"@executable_path/Frameworks",
				);
				MARKETING_VERSION = 1.0;
				PRODUCT_BUNDLE_IDENTIFIER = com.almatarm.XCANews;
				PRODUCT_NAME = XCANews;
				SDKROOT = iphoneos;
				SWIFT_EMIT_LOC_STRINGS = YES;
				SWIFT_VERSION = 5.0;
				TARGETED_DEVICE_FAMILY = "1,2";
			};
			name = Debug;
		};
		44BF4A2528639240000CB0C4 /* Release */ = {
			isa = XCBuildConfiguration;
			buildSettings = {
				ASSETCATALOG_COMPILER_APPICON_NAME = AppIcon;
				ASSETCATALOG_COMPILER_GLOBAL_ACCENT_COLOR_NAME = AccentColor;
				CODE_SIGN_STYLE = Automatic;
				CURRENT_PROJECT_VERSION = 1;
				DEVELOPMENT_TEAM = EE9E76ZXMF;
				ENABLE_PREVIEWS = YES;
				GENERATE_INFOPLIST_FILE = YES;
				INFOPLIST_FILE = "XCANews--iOS--Info.plist";
				INFOPLIST_KEY_CFBundleDisplayName = "";
				INFOPLIST_KEY_LSApplicationCategoryType = "";
				INFOPLIST_KEY_UIApplicationSceneManifest_Generation = YES;
				INFOPLIST_KEY_UIApplicationSupportsIndirectInputEvents = YES;
				INFOPLIST_KEY_UILaunchScreen_Generation = YES;
				INFOPLIST_KEY_UISupportedInterfaceOrientations_iPad = "UIInterfaceOrientationPortrait UIInterfaceOrientationPortraitUpsideDown UIInterfaceOrientationLandscapeLeft UIInterfaceOrientationLandscapeRight";
				INFOPLIST_KEY_UISupportedInterfaceOrientations_iPhone = "UIInterfaceOrientationPortrait UIInterfaceOrientationLandscapeLeft UIInterfaceOrientationLandscapeRight";
				IPHONEOS_DEPLOYMENT_TARGET = 15.5;
				LD_RUNPATH_SEARCH_PATHS = (
					"$(inherited)",
					"@executable_path/Frameworks",
				);
				MARKETING_VERSION = 1.0;
				PRODUCT_BUNDLE_IDENTIFIER = com.almatarm.XCANews;
				PRODUCT_NAME = XCANews;
				SDKROOT = iphoneos;
				SWIFT_EMIT_LOC_STRINGS = YES;
				SWIFT_VERSION = 5.0;
				TARGETED_DEVICE_FAMILY = "1,2";
				VALIDATE_PRODUCT = YES;
			};
			name = Release;
		};
		44BF4A2728639240000CB0C4 /* Debug */ = {
			isa = XCBuildConfiguration;
			buildSettings = {
				ASSETCATALOG_COMPILER_APPICON_NAME = AppIcon;
				ASSETCATALOG_COMPILER_GLOBAL_ACCENT_COLOR_NAME = AccentColor;
				CODE_SIGN_ENTITLEMENTS = macOS/macOS.entitlements;
				CODE_SIGN_STYLE = Automatic;
				COMBINE_HIDPI_IMAGES = YES;
				CURRENT_PROJECT_VERSION = 1;
				DEVELOPMENT_TEAM = EE9E76ZXMF;
				ENABLE_HARDENED_RUNTIME = YES;
				ENABLE_PREVIEWS = YES;
				GENERATE_INFOPLIST_FILE = YES;
				INFOPLIST_KEY_NSHumanReadableCopyright = "";
				LD_RUNPATH_SEARCH_PATHS = (
					"$(inherited)",
					"@executable_path/../Frameworks",
				);
				MACOSX_DEPLOYMENT_TARGET = 12.3;
				MARKETING_VERSION = 1.0;
				PRODUCT_BUNDLE_IDENTIFIER = com.almatarm.XCANews;
				PRODUCT_NAME = XCANews;
				SDKROOT = macosx;
				SWIFT_EMIT_LOC_STRINGS = YES;
				SWIFT_VERSION = 5.0;
			};
			name = Debug;
		};
		44BF4A2828639240000CB0C4 /* Release */ = {
			isa = XCBuildConfiguration;
			buildSettings = {
				ASSETCATALOG_COMPILER_APPICON_NAME = AppIcon;
				ASSETCATALOG_COMPILER_GLOBAL_ACCENT_COLOR_NAME = AccentColor;
				CODE_SIGN_ENTITLEMENTS = macOS/macOS.entitlements;
				CODE_SIGN_STYLE = Automatic;
				COMBINE_HIDPI_IMAGES = YES;
				CURRENT_PROJECT_VERSION = 1;
				DEVELOPMENT_TEAM = EE9E76ZXMF;
				ENABLE_HARDENED_RUNTIME = YES;
				ENABLE_PREVIEWS = YES;
				GENERATE_INFOPLIST_FILE = YES;
				INFOPLIST_KEY_NSHumanReadableCopyright = "";
				LD_RUNPATH_SEARCH_PATHS = (
					"$(inherited)",
					"@executable_path/../Frameworks",
				);
				MACOSX_DEPLOYMENT_TARGET = 12.3;
				MARKETING_VERSION = 1.0;
				PRODUCT_BUNDLE_IDENTIFIER = com.almatarm.XCANews;
				PRODUCT_NAME = XCANews;
				SDKROOT = macosx;
				SWIFT_EMIT_LOC_STRINGS = YES;
				SWIFT_VERSION = 5.0;
			};
			name = Release;
		};
/* End XCBuildConfiguration section */

/* Begin XCConfigurationList section */
		44BF4A092863923C000CB0C4 /* Build configuration list for PBXProject "XCANews" */ = {
			isa = XCConfigurationList;
			buildConfigurations = (
				44BF4A2128639240000CB0C4 /* Debug */,
				44BF4A2228639240000CB0C4 /* Release */,
			);
			defaultConfigurationIsVisible = 0;
			defaultConfigurationName = Release;
		};
		44BF4A2328639240000CB0C4 /* Build configuration list for PBXNativeTarget "XCANews (iOS)" */ = {
			isa = XCConfigurationList;
			buildConfigurations = (
				44BF4A2428639240000CB0C4 /* Debug */,
				44BF4A2528639240000CB0C4 /* Release */,
			);
			defaultConfigurationIsVisible = 0;
			defaultConfigurationName = Release;
		};
		44BF4A2628639240000CB0C4 /* Build configuration list for PBXNativeTarget "XCANews (macOS)" */ = {
			isa = XCConfigurationList;
			buildConfigurations = (
				44BF4A2728639240000CB0C4 /* Debug */,
				44BF4A2828639240000CB0C4 /* Release */,
			);
			defaultConfigurationIsVisible = 0;
			defaultConfigurationName = Release;
		};
/* End XCConfigurationList section */
	};
	rootObject = 44BF4A062863923C000CB0C4 /* Project object */;
}
